
Microsoft Visual Studio Solution File, Format Version 12.00
# Visual Studio Version 17
VisualStudioVersion = 17.9.34728.123
MinimumVisualStudioVersion = 10.0.40219.1
Project("{8BC9CEB8-8B4A-11D0-8D11-00A0C91BC942}") = "Red-Black-Tree-App", "Red-Black-Tree-App.vcxproj", "{1D00056B-F3AE-4A82-B647-F05370A9F17C}"
EndProject
Global
	GlobalSection(SolutionConfigurationPlatforms) = preSolution
		Debug|x64 = Debug|x64
		Debug|x86 = Debug|x86
		Release|x64 = Release|x64
		Release|x86 = Release|x86
	EndGlobalSection
	GlobalSection(ProjectConfigurationPlatforms) = postSolution
		{1D00056B-F3AE-4A82-B647-F05370A9F17C}.Debug|x64.ActiveCfg = Debug|x64
		{1D00056B-F3AE-4A82-B647-F05370A9F17C}.Debug|x64.Build.0 = Debug|x64
		{1D00056B-F3AE-4A82-B647-F05370A9F17C}.Debug|x86.ActiveCfg = Debug|Win32
		{1D00056B-F3AE-4A82-B647-F05370A9F17C}.Debug|x86.Build.0 = Debug|Win32
		{1D00056B-F3AE-4A82-B647-F05370A9F17C}.Release|x64.ActiveCfg = Release|x64
		{1D00056B-F3AE-4A82-B647-F05370A9F17C}.Release|x64.Build.0 = Release|x64
		{1D00056B-F3AE-4A82-B647-F05370A9F17C}.Release|x86.ActiveCfg = Release|Win32
		{1D00056B-F3AE-4A82-B647-F05370A9F17C}.Release|x86.Build.0 = Release|Win32
	EndGlobalSection
	GlobalSection(SolutionProperties) = preSolution
		HideSolutionNode = FALSE
	EndGlobalSection
	GlobalSection(ExtensibilityGlobals) = postSolution
		SolutionGuid = {2EF19972-F440-4286-8707-E7FF66347067}
	EndGlobalSection
EndGlobal
